# THIS IS AN AUTOGENERATED FILE. DO NOT EDIT THIS FILE DIRECTLY.
# yarn lockfile v1


"@esbuild/linux-x64@0.25.9":
  version "0.25.9"

"@hotwired/stimulus@^3.2.2":
  version "3.2.2"

"@hotwired/turbo-rails@^8.0.16":
  version "8.0.16"
  dependencies:
    "@hotwired/turbo" "^8.0.13"
    "@rails/actioncable" ">=7.0"

"@hotwired/turbo@^8.0.13":
  version "8.0.13"

"@isaacs/fs-minipass@^4.0.0":
  version "4.0.1"
  dependencies:
    minipass "^7.0.4"

"@jridgewell/gen-mapping@^0.3.5":
  version "0.3.13"
  dependencies:
    "@jridgewell/sourcemap-codec" "^1.5.0"
    "@jridgewell/trace-mapping" "^0.3.24"

"@jridgewell/remapping@^2.3.4":
  version "2.3.5"
  dependencies:
    "@jridgewell/gen-mapping" "^0.3.5"
    "@jridgewell/trace-mapping" "^0.3.24"

"@jridgewell/resolve-uri@^3.1.0":
  version "3.1.2"

"@jridgewell/sourcemap-codec@^1.4.14", "@jridgewell/sourcemap-codec@^1.5.0", "@jridgewell/sourcemap-codec@^1.5.5":
  version "1.5.5"

"@jridgewell/trace-mapping@^0.3.24":
  version "0.3.30"
  dependencies:
    "@jridgewell/resolve-uri" "^3.1.0"
    "@jridgewell/sourcemap-codec" "^1.4.14"

"@parcel/watcher-linux-x64-glibc@2.5.1":
  version "2.5.1"

"@parcel/watcher@^2.5.1":
  version "2.5.1"
  dependencies:
    detect-libc "^1.0.3"
    is-glob "^4.0.3"
    micromatch "^4.0.5"
    node-addon-api "^7.0.0"
  optionalDependencies:
    "@parcel/watcher-android-arm64" "2.5.1"
    "@parcel/watcher-darwin-arm64" "2.5.1"
    "@parcel/watcher-darwin-x64" "2.5.1"
    "@parcel/watcher-freebsd-x64" "2.5.1"
    "@parcel/watcher-linux-arm-glibc" "2.5.1"
    "@parcel/watcher-linux-arm-musl" "2.5.1"
    "@parcel/watcher-linux-arm64-glibc" "2.5.1"
    "@parcel/watcher-linux-arm64-musl" "2.5.1"
    "@parcel/watcher-linux-x64-glibc" "2.5.1"
    "@parcel/watcher-linux-x64-musl" "2.5.1"
    "@parcel/watcher-win32-arm64" "2.5.1"
    "@parcel/watcher-win32-ia32" "2.5.1"
    "@parcel/watcher-win32-x64" "2.5.1"

"@rails/actioncable@>=7.0":
  version "8.0.201"

"@tailwindcss/cli@^4.1.12":
  version "4.1.12"
  dependencies:
    "@parcel/watcher" "^2.5.1"
    "@tailwindcss/node" "4.1.12"
    "@tailwindcss/oxide" "4.1.12"
    enhanced-resolve "^5.18.3"
    mri "^1.2.0"
    picocolors "^1.1.1"
    tailwindcss "4.1.12"

"@tailwindcss/node@4.1.12":
  version "4.1.12"
  dependencies:
    "@jridgewell/remapping" "^2.3.4"
    enhanced-resolve "^5.18.3"
    jiti "^2.5.1"
    lightningcss "1.30.1"
    magic-string "^0.30.17"
    source-map-js "^1.2.1"
    tailwindcss "4.1.12"

"@tailwindcss/oxide-linux-x64-gnu@4.1.12":
  version "4.1.12"

"@tailwindcss/oxide@4.1.12":
  version "4.1.12"
  dependencies:
    detect-libc "^2.0.4"
    tar "^7.4.3"
  optionalDependencies:
    "@tailwindcss/oxide-android-arm64" "4.1.12"
    "@tailwindcss/oxide-darwin-arm64" "4.1.12"
    "@tailwindcss/oxide-darwin-x64" "4.1.12"
    "@tailwindcss/oxide-freebsd-x64" "4.1.12"
    "@tailwindcss/oxide-linux-arm-gnueabihf" "4.1.12"
    "@tailwindcss/oxide-linux-arm64-gnu" "4.1.12"
    "@tailwindcss/oxide-linux-arm64-musl" "4.1.12"
    "@tailwindcss/oxide-linux-x64-gnu" "4.1.12"
    "@tailwindcss/oxide-linux-x64-musl" "4.1.12"
    "@tailwindcss/oxide-wasm32-wasi" "4.1.12"
    "@tailwindcss/oxide-win32-arm64-msvc" "4.1.12"
    "@tailwindcss/oxide-win32-x64-msvc" "4.1.12"

braces@^3.0.3:
  version "3.0.3"
  dependencies:
    fill-range "^7.1.1"

chownr@^3.0.0:
  version "3.0.0"

detect-libc@^1.0.3:
  version "1.0.3"

detect-libc@^2.0.3, detect-libc@^2.0.4:
  version "2.0.4"

enhanced-resolve@^5.18.3:
  version "5.18.3"
  dependencies:
    graceful-fs "^4.2.4"
    tapable "^2.2.0"

esbuild@^0.25.9:
  version "0.25.9"
  optionalDependencies:
    "@esbuild/aix-ppc64" "0.25.9"
    "@esbuild/android-arm" "0.25.9"
    "@esbuild/android-arm64" "0.25.9"
    "@esbuild/android-x64" "0.25.9"
    "@esbuild/darwin-arm64" "0.25.9"
    "@esbuild/darwin-x64" "0.25.9"
    "@esbuild/freebsd-arm64" "0.25.9"
    "@esbuild/freebsd-x64" "0.25.9"
    "@esbuild/linux-arm" "0.25.9"
    "@esbuild/linux-arm64" "0.25.9"
    "@esbuild/linux-ia32" "0.25.9"
    "@esbuild/linux-loong64" "0.25.9"
    "@esbuild/linux-mips64el" "0.25.9"
    "@esbuild/linux-ppc64" "0.25.9"
    "@esbuild/linux-riscv64" "0.25.9"
    "@esbuild/linux-s390x" "0.25.9"
    "@esbuild/linux-x64" "0.25.9"
    "@esbuild/netbsd-arm64" "0.25.9"
    "@esbuild/netbsd-x64" "0.25.9"
    "@esbuild/openbsd-arm64" "0.25.9"
    "@esbuild/openbsd-x64" "0.25.9"
    "@esbuild/openharmony-arm64" "0.25.9"
    "@esbuild/sunos-x64" "0.25.9"
    "@esbuild/win32-arm64" "0.25.9"
    "@esbuild/win32-ia32" "0.25.9"
    "@esbuild/win32-x64" "0.25.9"

fill-range@^7.1.1:
  version "7.1.1"
  dependencies:
    to-regex-range "^5.0.1"

graceful-fs@^4.2.4:
  version "4.2.11"

is-extglob@^2.1.1:
  version "2.1.1"

is-glob@^4.0.3:
  version "4.0.3"
  dependencies:
    is-extglob "^2.1.1"

is-number@^7.0.0:
  version "7.0.0"

jiti@^2.5.1:
  version "2.5.1"

lightningcss-linux-x64-gnu@1.30.1:
  version "1.30.1"

lightningcss@1.30.1:
  version "1.30.1"
  dependencies:
    detect-libc "^2.0.3"
  optionalDependencies:
    lightningcss-darwin-arm64 "1.30.1"
    lightningcss-darwin-x64 "1.30.1"
    lightningcss-freebsd-x64 "1.30.1"
    lightningcss-linux-arm-gnueabihf "1.30.1"
    lightningcss-linux-arm64-gnu "1.30.1"
    lightningcss-linux-arm64-musl "1.30.1"
    lightningcss-linux-x64-gnu "1.30.1"
    lightningcss-linux-x64-musl "1.30.1"
    lightningcss-win32-arm64-msvc "1.30.1"
    lightningcss-win32-x64-msvc "1.30.1"

magic-string@^0.30.17:
  version "0.30.18"
  dependencies:
    "@jridgewell/sourcemap-codec" "^1.5.5"

micromatch@^4.0.5:
  version "4.0.8"
  dependencies:
    braces "^3.0.3"
    picomatch "^2.3.1"

minipass@^7.0.4, minipass@^7.1.2:
  version "7.1.2"

minizlib@^3.0.1:
  version "3.0.2"
  dependencies:
    minipass "^7.1.2"

mkdirp@^3.0.1:
  version "3.0.1"

mri@^1.2.0:
  version "1.2.0"

node-addon-api@^7.0.0:
  version "7.1.1"

picocolors@^1.1.1:
  version "1.1.1"

picomatch@^2.3.1:
  version "2.3.1"

source-map-js@^1.2.1:
  version "1.2.1"

tailwindcss@^4.1.12, tailwindcss@4.1.12:
  version "4.1.12"

tapable@^2.2.0:
  version "2.2.3"

tar@^7.4.3:
  version "7.4.3"
  dependencies:
    "@isaacs/fs-minipass" "^4.0.0"
    chownr "^3.0.0"
    minipass "^7.1.2"
    minizlib "^3.0.1"
    mkdirp "^3.0.1"
    yallist "^5.0.0"

to-regex-range@^5.0.1:
  version "5.0.1"
  dependencies:
    is-number "^7.0.0"

yallist@^5.0.0:
  version "5.0.0"
